
Microsoft Visual Studio Solution File, Format Version 12.00
# Visual Studio Version 17
VisualStudioVersion = 17.1.32407.343
MinimumVisualStudioVersion = 10.0.40219.1
Project("{9A19103F-16F7-4668-BE54-9A1E7A4F7556}") = "Design Patterns", "Design Patterns\Design Patterns.csproj", "{353CCF49-1C19-4D43-B963-598E8EF2B818}"
EndProject
Project("{9A19103F-16F7-4668-BE54-9A1E7A4F7556}") = "Solid Principal", "Solid Principal\Solid Principal.csproj", "{28742BC4-CD5B-419E-B1A5-72CAA7E98F89}"
EndProject
Project("{9A19103F-16F7-4668-BE54-9A1E7A4F7556}") = "Delegates", "Delegates\Delegates.csproj", "{AF6FCAF0-E3B8-481A-8F12-79797E3B1D4F}"
EndProject
Project("{9A19103F-16F7-4668-BE54-9A1E7A4F7556}") = "Interface", "Interface\Interface.csproj", "{3D8D9A4C-3642-4827-8D24-A62121DBB8F8}"
EndProject
Project("{9A19103F-16F7-4668-BE54-9A1E7A4F7556}") = "Asynchronous programming", "Asynchronous programming\Asynchronous programming.csproj", "{0F835806-E9BA-4C28-9BC3-1A809225D19D}"
EndProject
Project("{9A19103F-16F7-4668-BE54-9A1E7A4F7556}") = "Attribute", "Attribute\Attribute.csproj", "{29677993-BC8C-4A91-882F-F984E8047D15}"
EndProject
Project("{9A19103F-16F7-4668-BE54-9A1E7A4F7556}") = "Collections", "Collections\Collections.csproj", "{9E5FF8BD-F24E-4E29-B156-32FEC6A4FA0E}"
EndProject
Project("{9A19103F-16F7-4668-BE54-9A1E7A4F7556}") = "Polymorphism", "Polymorphism\Polymorphism.csproj", "{AB823BCE-93D8-494E-9C64-A9BF75E3C501}"
EndProject
Project("{2150E333-8FDC-42A3-9474-1A3956D46DE8}") = "The Four Pillars of OOP", "The Four Pillars of OOP", "{75450940-47E9-43C0-906A-7C1E48240D7E}"
	ProjectSection(SolutionItems) = preProject
		External lib\Object-Oriented programming.docx = External lib\Object-Oriented programming.docx
	EndProjectSection
EndProject
Project("{9A19103F-16F7-4668-BE54-9A1E7A4F7556}") = "Encapsulation", "Encapsulation\Encapsulation.csproj", "{9FA55E7E-8AB2-4B1F-9EBB-743B55DEC9DD}"
EndProject
Project("{9A19103F-16F7-4668-BE54-9A1E7A4F7556}") = "Inheritance", "Inheritance\Inheritance.csproj", "{640580D3-9F5E-414A-87BA-796ABED79B15}"
EndProject
Project("{9A19103F-16F7-4668-BE54-9A1E7A4F7556}") = "Abstraction", "Abstraction\Abstraction.csproj", "{70087A0C-631C-4AFD-B4D4-17B832C480D4}"
EndProject
Project("{9A19103F-16F7-4668-BE54-9A1E7A4F7556}") = "Generic", "Generic\Generic.csproj", "{84164BB5-BACA-4283-893D-C37B790E6DFA}"
EndProject
Project("{9A19103F-16F7-4668-BE54-9A1E7A4F7556}") = "Miscellaneous", "Miscellaneous\Miscellaneous.csproj", "{A2A84F93-08D1-468D-AEA3-49B34DECD530}"
EndProject
Project("{9A19103F-16F7-4668-BE54-9A1E7A4F7556}") = "ConsoleAppTest", "ConsoleAppTest\ConsoleAppTest.csproj", "{45D5786F-ACB1-456D-A599-32C5F598453D}"
EndProject
Project("{9A19103F-16F7-4668-BE54-9A1E7A4F7556}") = "LINQ", "LINQ\LINQ.csproj", "{04172689-C139-427D-A237-3EE38D45FD18}"
EndProject
Project("{9A19103F-16F7-4668-BE54-9A1E7A4F7556}") = "Tree View", "Tree View\Tree View.csproj", "{321DDF8B-5D09-48DC-97D2-146EABF3DD1F}"
EndProject
Project("{9A19103F-16F7-4668-BE54-9A1E7A4F7556}") = "TreeViewWinFormsApp", "TreeViewWinFormsApp\TreeViewWinFormsApp.csproj", "{A54D3420-D49E-4E6D-809D-EE0F1DF7D7E9}"
EndProject
Project("{2150E333-8FDC-42A3-9474-1A3956D46DE8}") = "Tree", "Tree", "{C712DE74-2E31-4848-9E15-E2F3B69244D8}"
	ProjectSection(SolutionItems) = preProject
		External lib\Binary Tree Vs Binary Search Tree.docx = External lib\Binary Tree Vs Binary Search Tree.docx
	EndProjectSection
EndProject
Project("{9A19103F-16F7-4668-BE54-9A1E7A4F7556}") = "Binary Search Tree", "Binary Search Tree\Binary Search Tree.csproj", "{2815BD1E-E1DC-4A41-A00C-36466A4C76BA}"
EndProject
Project("{9A19103F-16F7-4668-BE54-9A1E7A4F7556}") = "Graphs", "Graphs\Graphs.csproj", "{991FD3B1-7E6C-41D1-AF54-12E15934910E}"
EndProject
Project("{9A19103F-16F7-4668-BE54-9A1E7A4F7556}") = "Trimmer", "Trimmer\Trimmer.csproj", "{35F9A28A-7EF4-42C6-8B5F-B53264FDFBAB}"
EndProject
Project("{9A19103F-16F7-4668-BE54-9A1E7A4F7556}") = "WorkerService", "WorkerService\WorkerService.csproj", "{ED9C1B4A-95CF-4881-860E-5F7A113FD57D}"
EndProject
Project("{2150E333-8FDC-42A3-9474-1A3956D46DE8}") = "Documentation", "Documentation", "{CBC58E6A-153E-4067-BC4C-CD1B5ABACCD6}"
	ProjectSection(SolutionItems) = preProject
		External lib\.Net versions.docx = External lib\.Net versions.docx
		Introduction.txt = Introduction.txt
	EndProjectSection
EndProject
Project("{9A19103F-16F7-4668-BE54-9A1E7A4F7556}") = "Types", "Types\Types.csproj", "{00CA3B98-988B-41EF-9783-330EC858D6D3}"
EndProject
Project("{9A19103F-16F7-4668-BE54-9A1E7A4F7556}") = "Utility", "Utility\Utility.csproj", "{75783E68-76C3-4706-BA0C-FD57BD487046}"
EndProject
Project("{2150E333-8FDC-42A3-9474-1A3956D46DE8}") = "WCF", "WCF", "{6B122D80-906E-4043-A610-CEB7F2A36820}"
EndProject
Project("{FAE04EC0-301F-11D3-BF4B-00C04F79EFBC}") = "WcfServiceApp", "WcfServiceApp\WcfServiceApp.csproj", "{FB8F9E71-C1FE-4581-92A2-6EA46BA139C2}"
EndProject
Global
	GlobalSection(SolutionConfigurationPlatforms) = preSolution
		Debug|Any CPU = Debug|Any CPU
		Release|Any CPU = Release|Any CPU
	EndGlobalSection
	GlobalSection(ProjectConfigurationPlatforms) = postSolution
		{353CCF49-1C19-4D43-B963-598E8EF2B818}.Debug|Any CPU.ActiveCfg = Debug|Any CPU
		{353CCF49-1C19-4D43-B963-598E8EF2B818}.Debug|Any CPU.Build.0 = Debug|Any CPU
		{353CCF49-1C19-4D43-B963-598E8EF2B818}.Release|Any CPU.ActiveCfg = Release|Any CPU
		{353CCF49-1C19-4D43-B963-598E8EF2B818}.Release|Any CPU.Build.0 = Release|Any CPU
		{28742BC4-CD5B-419E-B1A5-72CAA7E98F89}.Debug|Any CPU.ActiveCfg = Debug|Any CPU
		{28742BC4-CD5B-419E-B1A5-72CAA7E98F89}.Debug|Any CPU.Build.0 = Debug|Any CPU
		{28742BC4-CD5B-419E-B1A5-72CAA7E98F89}.Release|Any CPU.ActiveCfg = Release|Any CPU
		{28742BC4-CD5B-419E-B1A5-72CAA7E98F89}.Release|Any CPU.Build.0 = Release|Any CPU
		{AF6FCAF0-E3B8-481A-8F12-79797E3B1D4F}.Debug|Any CPU.ActiveCfg = Debug|Any CPU
		{AF6FCAF0-E3B8-481A-8F12-79797E3B1D4F}.Debug|Any CPU.Build.0 = Debug|Any CPU
		{AF6FCAF0-E3B8-481A-8F12-79797E3B1D4F}.Release|Any CPU.ActiveCfg = Release|Any CPU
		{AF6FCAF0-E3B8-481A-8F12-79797E3B1D4F}.Release|Any CPU.Build.0 = Release|Any CPU
		{3D8D9A4C-3642-4827-8D24-A62121DBB8F8}.Debug|Any CPU.ActiveCfg = Debug|Any CPU
		{3D8D9A4C-3642-4827-8D24-A62121DBB8F8}.Debug|Any CPU.Build.0 = Debug|Any CPU
		{3D8D9A4C-3642-4827-8D24-A62121DBB8F8}.Release|Any CPU.ActiveCfg = Release|Any CPU
		{3D8D9A4C-3642-4827-8D24-A62121DBB8F8}.Release|Any CPU.Build.0 = Release|Any CPU
		{0F835806-E9BA-4C28-9BC3-1A809225D19D}.Debug|Any CPU.ActiveCfg = Debug|Any CPU
		{0F835806-E9BA-4C28-9BC3-1A809225D19D}.Debug|Any CPU.Build.0 = Debug|Any CPU
		{0F835806-E9BA-4C28-9BC3-1A809225D19D}.Release|Any CPU.ActiveCfg = Release|Any CPU
		{0F835806-E9BA-4C28-9BC3-1A809225D19D}.Release|Any CPU.Build.0 = Release|Any CPU
		{29677993-BC8C-4A91-882F-F984E8047D15}.Debug|Any CPU.ActiveCfg = Debug|Any CPU
		{29677993-BC8C-4A91-882F-F984E8047D15}.Debug|Any CPU.Build.0 = Debug|Any CPU
		{29677993-BC8C-4A91-882F-F984E8047D15}.Release|Any CPU.ActiveCfg = Release|Any CPU
		{29677993-BC8C-4A91-882F-F984E8047D15}.Release|Any CPU.Build.0 = Release|Any CPU
		{9E5FF8BD-F24E-4E29-B156-32FEC6A4FA0E}.Debug|Any CPU.ActiveCfg = Debug|Any CPU
		{9E5FF8BD-F24E-4E29-B156-32FEC6A4FA0E}.Debug|Any CPU.Build.0 = Debug|Any CPU
		{9E5FF8BD-F24E-4E29-B156-32FEC6A4FA0E}.Release|Any CPU.ActiveCfg = Release|Any CPU
		{9E5FF8BD-F24E-4E29-B156-32FEC6A4FA0E}.Release|Any CPU.Build.0 = Release|Any CPU
		{AB823BCE-93D8-494E-9C64-A9BF75E3C501}.Debug|Any CPU.ActiveCfg = Debug|Any CPU
		{AB823BCE-93D8-494E-9C64-A9BF75E3C501}.Debug|Any CPU.Build.0 = Debug|Any CPU
		{AB823BCE-93D8-494E-9C64-A9BF75E3C501}.Release|Any CPU.ActiveCfg = Release|Any CPU
		{AB823BCE-93D8-494E-9C64-A9BF75E3C501}.Release|Any CPU.Build.0 = Release|Any CPU
		{9FA55E7E-8AB2-4B1F-9EBB-743B55DEC9DD}.Debug|Any CPU.ActiveCfg = Debug|Any CPU
		{9FA55E7E-8AB2-4B1F-9EBB-743B55DEC9DD}.Debug|Any CPU.Build.0 = Debug|Any CPU
		{9FA55E7E-8AB2-4B1F-9EBB-743B55DEC9DD}.Release|Any CPU.ActiveCfg = Release|Any CPU
		{9FA55E7E-8AB2-4B1F-9EBB-743B55DEC9DD}.Release|Any CPU.Build.0 = Release|Any CPU
		{640580D3-9F5E-414A-87BA-796ABED79B15}.Debug|Any CPU.ActiveCfg = Debug|Any CPU
		{640580D3-9F5E-414A-87BA-796ABED79B15}.Debug|Any CPU.Build.0 = Debug|Any CPU
		{640580D3-9F5E-414A-87BA-796ABED79B15}.Release|Any CPU.ActiveCfg = Release|Any CPU
		{640580D3-9F5E-414A-87BA-796ABED79B15}.Release|Any CPU.Build.0 = Release|Any CPU
		{70087A0C-631C-4AFD-B4D4-17B832C480D4}.Debug|Any CPU.ActiveCfg = Debug|Any CPU
		{70087A0C-631C-4AFD-B4D4-17B832C480D4}.Debug|Any CPU.Build.0 = Debug|Any CPU
		{70087A0C-631C-4AFD-B4D4-17B832C480D4}.Release|Any CPU.ActiveCfg = Release|Any CPU
		{70087A0C-631C-4AFD-B4D4-17B832C480D4}.Release|Any CPU.Build.0 = Release|Any CPU
		{84164BB5-BACA-4283-893D-C37B790E6DFA}.Debug|Any CPU.ActiveCfg = Debug|Any CPU
		{84164BB5-BACA-4283-893D-C37B790E6DFA}.Debug|Any CPU.Build.0 = Debug|Any CPU
		{84164BB5-BACA-4283-893D-C37B790E6DFA}.Release|Any CPU.ActiveCfg = Release|Any CPU
		{84164BB5-BACA-4283-893D-C37B790E6DFA}.Release|Any CPU.Build.0 = Release|Any CPU
		{A2A84F93-08D1-468D-AEA3-49B34DECD530}.Debug|Any CPU.ActiveCfg = Debug|Any CPU
		{A2A84F93-08D1-468D-AEA3-49B34DECD530}.Debug|Any CPU.Build.0 = Debug|Any CPU
		{A2A84F93-08D1-468D-AEA3-49B34DECD530}.Release|Any CPU.ActiveCfg = Release|Any CPU
		{A2A84F93-08D1-468D-AEA3-49B34DECD530}.Release|Any CPU.Build.0 = Release|Any CPU
		{45D5786F-ACB1-456D-A599-32C5F598453D}.Debug|Any CPU.ActiveCfg = Debug|Any CPU
		{45D5786F-ACB1-456D-A599-32C5F598453D}.Debug|Any CPU.Build.0 = Debug|Any CPU
		{45D5786F-ACB1-456D-A599-32C5F598453D}.Release|Any CPU.ActiveCfg = Release|Any CPU
		{45D5786F-ACB1-456D-A599-32C5F598453D}.Release|Any CPU.Build.0 = Release|Any CPU
		{04172689-C139-427D-A237-3EE38D45FD18}.Debug|Any CPU.ActiveCfg = Debug|Any CPU
		{04172689-C139-427D-A237-3EE38D45FD18}.Debug|Any CPU.Build.0 = Debug|Any CPU
		{04172689-C139-427D-A237-3EE38D45FD18}.Release|Any CPU.ActiveCfg = Release|Any CPU
		{04172689-C139-427D-A237-3EE38D45FD18}.Release|Any CPU.Build.0 = Release|Any CPU
		{321DDF8B-5D09-48DC-97D2-146EABF3DD1F}.Debug|Any CPU.ActiveCfg = Debug|Any CPU
		{321DDF8B-5D09-48DC-97D2-146EABF3DD1F}.Debug|Any CPU.Build.0 = Debug|Any CPU
		{321DDF8B-5D09-48DC-97D2-146EABF3DD1F}.Release|Any CPU.ActiveCfg = Release|Any CPU
		{321DDF8B-5D09-48DC-97D2-146EABF3DD1F}.Release|Any CPU.Build.0 = Release|Any CPU
		{A54D3420-D49E-4E6D-809D-EE0F1DF7D7E9}.Debug|Any CPU.ActiveCfg = Debug|Any CPU
		{A54D3420-D49E-4E6D-809D-EE0F1DF7D7E9}.Debug|Any CPU.Build.0 = Debug|Any CPU
		{A54D3420-D49E-4E6D-809D-EE0F1DF7D7E9}.Release|Any CPU.ActiveCfg = Release|Any CPU
		{A54D3420-D49E-4E6D-809D-EE0F1DF7D7E9}.Release|Any CPU.Build.0 = Release|Any CPU
		{2815BD1E-E1DC-4A41-A00C-36466A4C76BA}.Debug|Any CPU.ActiveCfg = Debug|Any CPU
		{2815BD1E-E1DC-4A41-A00C-36466A4C76BA}.Debug|Any CPU.Build.0 = Debug|Any CPU
		{2815BD1E-E1DC-4A41-A00C-36466A4C76BA}.Release|Any CPU.ActiveCfg = Release|Any CPU
		{2815BD1E-E1DC-4A41-A00C-36466A4C76BA}.Release|Any CPU.Build.0 = Release|Any CPU
		{991FD3B1-7E6C-41D1-AF54-12E15934910E}.Debug|Any CPU.ActiveCfg = Debug|Any CPU
		{991FD3B1-7E6C-41D1-AF54-12E15934910E}.Debug|Any CPU.Build.0 = Debug|Any CPU
		{991FD3B1-7E6C-41D1-AF54-12E15934910E}.Release|Any CPU.ActiveCfg = Release|Any CPU
		{991FD3B1-7E6C-41D1-AF54-12E15934910E}.Release|Any CPU.Build.0 = Release|Any CPU
		{35F9A28A-7EF4-42C6-8B5F-B53264FDFBAB}.Debug|Any CPU.ActiveCfg = Debug|Any CPU
		{35F9A28A-7EF4-42C6-8B5F-B53264FDFBAB}.Debug|Any CPU.Build.0 = Debug|Any CPU
		{35F9A28A-7EF4-42C6-8B5F-B53264FDFBAB}.Release|Any CPU.ActiveCfg = Release|Any CPU
		{35F9A28A-7EF4-42C6-8B5F-B53264FDFBAB}.Release|Any CPU.Build.0 = Release|Any CPU
		{ED9C1B4A-95CF-4881-860E-5F7A113FD57D}.Debug|Any CPU.ActiveCfg = Debug|Any CPU
		{ED9C1B4A-95CF-4881-860E-5F7A113FD57D}.Debug|Any CPU.Build.0 = Debug|Any CPU
		{ED9C1B4A-95CF-4881-860E-5F7A113FD57D}.Release|Any CPU.ActiveCfg = Release|Any CPU
		{ED9C1B4A-95CF-4881-860E-5F7A113FD57D}.Release|Any CPU.Build.0 = Release|Any CPU
		{00CA3B98-988B-41EF-9783-330EC858D6D3}.Debug|Any CPU.ActiveCfg = Debug|Any CPU
		{00CA3B98-988B-41EF-9783-330EC858D6D3}.Debug|Any CPU.Build.0 = Debug|Any CPU
		{00CA3B98-988B-41EF-9783-330EC858D6D3}.Release|Any CPU.ActiveCfg = Release|Any CPU
		{00CA3B98-988B-41EF-9783-330EC858D6D3}.Release|Any CPU.Build.0 = Release|Any CPU
		{75783E68-76C3-4706-BA0C-FD57BD487046}.Debug|Any CPU.ActiveCfg = Debug|Any CPU
		{75783E68-76C3-4706-BA0C-FD57BD487046}.Debug|Any CPU.Build.0 = Debug|Any CPU
		{75783E68-76C3-4706-BA0C-FD57BD487046}.Release|Any CPU.ActiveCfg = Release|Any CPU
		{75783E68-76C3-4706-BA0C-FD57BD487046}.Release|Any CPU.Build.0 = Release|Any CPU
		{FB8F9E71-C1FE-4581-92A2-6EA46BA139C2}.Debug|Any CPU.ActiveCfg = Debug|Any CPU
		{FB8F9E71-C1FE-4581-92A2-6EA46BA139C2}.Debug|Any CPU.Build.0 = Debug|Any CPU
		{FB8F9E71-C1FE-4581-92A2-6EA46BA139C2}.Release|Any CPU.ActiveCfg = Release|Any CPU
		{FB8F9E71-C1FE-4581-92A2-6EA46BA139C2}.Release|Any CPU.Build.0 = Release|Any CPU
	EndGlobalSection
	GlobalSection(SolutionProperties) = preSolution
		HideSolutionNode = FALSE
	EndGlobalSection
	GlobalSection(NestedProjects) = preSolution
		{AB823BCE-93D8-494E-9C64-A9BF75E3C501} = {75450940-47E9-43C0-906A-7C1E48240D7E}
		{9FA55E7E-8AB2-4B1F-9EBB-743B55DEC9DD} = {75450940-47E9-43C0-906A-7C1E48240D7E}
		{640580D3-9F5E-414A-87BA-796ABED79B15} = {75450940-47E9-43C0-906A-7C1E48240D7E}
		{70087A0C-631C-4AFD-B4D4-17B832C480D4} = {75450940-47E9-43C0-906A-7C1E48240D7E}
		{321DDF8B-5D09-48DC-97D2-146EABF3DD1F} = {C712DE74-2E31-4848-9E15-E2F3B69244D8}
		{A54D3420-D49E-4E6D-809D-EE0F1DF7D7E9} = {C712DE74-2E31-4848-9E15-E2F3B69244D8}
		{2815BD1E-E1DC-4A41-A00C-36466A4C76BA} = {C712DE74-2E31-4848-9E15-E2F3B69244D8}
		{FB8F9E71-C1FE-4581-92A2-6EA46BA139C2} = {6B122D80-906E-4043-A610-CEB7F2A36820}
	EndGlobalSection
	GlobalSection(ExtensibilityGlobals) = postSolution
		SolutionGuid = {CCE1718A-F121-4C11-B30A-4D3206D4A79A}
	EndGlobalSection
EndGlobal
